// !$*UTF8*$!
{
	archiveVersion = 1;
	classes = {
	};
	objectVersion = 56;
	objects = {

/* Begin PBXBuildFile section */
		ABB40A3928E361BA0089D78E /* AppDelegate.swift in Sources */ = {isa = PBXBuildFile; fileRef = ABB40A3828E361BA0089D78E /* AppDelegate.swift */; };
		ABB40A3B28E361BA0089D78E /* SceneDelegate.swift in Sources */ = {isa = PBXBuildFile; fileRef = ABB40A3A28E361BA0089D78E /* SceneDelegate.swift */; };
		ABB40A3D28E361BA0089D78E /* ViewController.swift in Sources */ = {isa = PBXBuildFile; fileRef = ABB40A3C28E361BA0089D78E /* ViewController.swift */; };
		ABB40A4028E361BA0089D78E /* Main.storyboard in Resources */ = {isa = PBXBuildFile; fileRef = ABB40A3E28E361BA0089D78E /* Main.storyboard */; };
		ABB40A4228E361BB0089D78E /* Assets.xcassets in Resources */ = {isa = PBXBuildFile; fileRef = ABB40A4128E361BB0089D78E /* Assets.xcassets */; };
		ABB40A4528E361BB0089D78E /* LaunchScreen.storyboard in Resources */ = {isa = PBXBuildFile; fileRef = ABB40A4328E361BB0089D78E /* LaunchScreen.storyboard */; };
		ABB40A5028E361BC0089D78E /* CountriesTests.swift in Sources */ = {isa = PBXBuildFile; fileRef = ABB40A4F28E361BC0089D78E /* CountriesTests.swift */; };
		ABB40A5A28E361BC0089D78E /* CountriesUITests.swift in Sources */ = {isa = PBXBuildFile; fileRef = ABB40A5928E361BC0089D78E /* CountriesUITests.swift */; };
		ABB40A5C28E361BC0089D78E /* CountriesUITestsLaunchTests.swift in Sources */ = {isa = PBXBuildFile; fileRef = ABB40A5B28E361BC0089D78E /* CountriesUITestsLaunchTests.swift */; };
/* End PBXBuildFile section */

/* Begin PBXContainerItemProxy section */
		ABB40A4C28E361BC0089D78E /* PBXContainerItemProxy */ = {
			isa = PBXContainerItemProxy;
			containerPortal = ABB40A2D28E361BA0089D78E /* Project object */;
			proxyType = 1;
			remoteGlobalIDString = ABB40A3428E361BA0089D78E;
			remoteInfo = Countries;
		};
		ABB40A5628E361BC0089D78E /* PBXContainerItemProxy */ = {
			isa = PBXContainerItemProxy;
			containerPortal = ABB40A2D28E361BA0089D78E /* Project object */;
			proxyType = 1;
			remoteGlobalIDString = ABB40A3428E361BA0089D78E;
			remoteInfo = Countries;
		};
/* End PBXContainerItemProxy section */

/* Begin PBXFileReference section */
		ABB40A3528E361BA0089D78E /* Countries.app */ = {isa = PBXFileReference; explicitFileType = wrapper.application; includeInIndex = 0; path = Countries.app; sourceTree = BUILT_PRODUCTS_DIR; };
		ABB40A3828E361BA0089D78E /* AppDelegate.swift */ = {isa = PBXFileReference; lastKnownFileType = sourcecode.swift; path = AppDelegate.swift; sourceTree = "<group>"; };
		ABB40A3A28E361BA0089D78E /* SceneDelegate.swift */ = {isa = PBXFileReference; lastKnownFileType = sourcecode.swift; path = SceneDelegate.swift; sourceTree = "<group>"; };
		ABB40A3C28E361BA0089D78E /* ViewController.swift */ = {isa = PBXFileReference; lastKnownFileType = sourcecode.swift; path = ViewController.swift; sourceTree = "<group>"; };
		ABB40A3F28E361BA0089D78E /* Base */ = {isa = PBXFileReference; lastKnownFileType = file.storyboard; name = Base; path = Base.lproj/Main.storyboard; sourceTree = "<group>"; };
		ABB40A4128E361BB0089D78E /* Assets.xcassets */ = {isa = PBXFileReference; lastKnownFileType = folder.assetcatalog; path = Assets.xcassets; sourceTree = "<group>"; };
		ABB40A4428E361BB0089D78E /* Base */ = {isa = PBXFileReference; lastKnownFileType = file.storyboard; name = Base; path = Base.lproj/LaunchScreen.storyboard; sourceTree = "<group>"; };
		ABB40A4628E361BB0089D78E /* Info.plist */ = {isa = PBXFileReference; lastKnownFileType = text.plist.xml; path = Info.plist; sourceTree = "<group>"; };
		ABB40A4B28E361BC0089D78E /* CountriesTests.xctest */ = {isa = PBXFileReference; explicitFileType = wrapper.cfbundle; includeInIndex = 0; path = CountriesTests.xctest; sourceTree = BUILT_PRODUCTS_DIR; };
		ABB40A4F28E361BC0089D78E /* CountriesTests.swift */ = {isa = PBXFileReference; lastKnownFileType = sourcecode.swift; path = CountriesTests.swift; sourceTree = "<group>"; };
		ABB40A5528E361BC0089D78E /* CountriesUITests.xctest */ = {isa = PBXFileReference; explicitFileType = wrapper.cfbundle; includeInIndex = 0; path = CountriesUITests.xctest; sourceTree = BUILT_PRODUCTS_DIR; };
		ABB40A5928E361BC0089D78E /* CountriesUITests.swift */ = {isa = PBXFileReference; lastKnownFileType = sourcecode.swift; path = CountriesUITests.swift; sourceTree = "<group>"; };
		ABB40A5B28E361BC0089D78E /* CountriesUITestsLaunchTests.swift */ = {isa = PBXFileReference; lastKnownFileType = sourcecode.swift; path = CountriesUITestsLaunchTests.swift; sourceTree = "<group>"; };
/* End PBXFileReference section */

/* Begin PBXFrameworksBuildPhase section */
		ABB40A3228E361BA0089D78E /* Frameworks */ = {
			isa = PBXFrameworksBuildPhase;
			buildActionMask = 2147483647;
			files = (
			);
			runOnlyForDeploymentPostprocessing = 0;
		};
		ABB40A4828E361BC0089D78E /* Frameworks */ = {
			isa = PBXFrameworksBuildPhase;
			buildActionMask = 2147483647;
			files = (
			);
			runOnlyForDeploymentPostprocessing = 0;
		};
		ABB40A5228E361BC0089D78E /* Frameworks */ = {
			isa = PBXFrameworksBuildPhase;
			buildActionMask = 2147483647;
			files = (
			);
			runOnlyForDeploymentPostprocessing = 0;
		};
/* End PBXFrameworksBuildPhase section */

/* Begin PBXGroup section */
		ABB40A2C28E361BA0089D78E = {
			isa = PBXGroup;
			children = (
				ABB40A3728E361BA0089D78E /* Countries */,
				ABB40A4E28E361BC0089D78E /* CountriesTests */,
				ABB40A5828E361BC0089D78E /* CountriesUITests */,
				ABB40A3628E361BA0089D78E /* Products */,
			);
			sourceTree = "<group>";
		};
		ABB40A3628E361BA0089D78E /* Products */ = {
			isa = PBXGroup;
			children = (
				ABB40A3528E361BA0089D78E /* Countries.app */,
				ABB40A4B28E361BC0089D78E /* CountriesTests.xctest */,
				ABB40A5528E361BC0089D78E /* CountriesUITests.xctest */,
			);
			name = Products;
			sourceTree = "<group>";
		};
		ABB40A3728E361BA0089D78E /* Countries */ = {
			isa = PBXGroup;
			children = (
				ABB40A3828E361BA0089D78E /* AppDelegate.swift */,
				ABB40A3A28E361BA0089D78E /* SceneDelegate.swift */,
				ABB40A3C28E361BA0089D78E /* ViewController.swift */,
				ABB40A3E28E361BA0089D78E /* Main.storyboard */,
				ABB40A4128E361BB0089D78E /* Assets.xcassets */,
				ABB40A4328E361BB0089D78E /* LaunchScreen.storyboard */,
				ABB40A4628E361BB0089D78E /* Info.plist */,
			);
			path = Countries;
			sourceTree = "<group>";
		};
		ABB40A4E28E361BC0089D78E /* CountriesTests */ = {
			isa = PBXGroup;
			children = (
				ABB40A4F28E361BC0089D78E /* CountriesTests.swift */,
			);
			path = CountriesTests;
			sourceTree = "<group>";
		};
		ABB40A5828E361BC0089D78E /* CountriesUITests */ = {
			isa = PBXGroup;
			children = (
				ABB40A5928E361BC0089D78E /* CountriesUITests.swift */,
				ABB40A5B28E361BC0089D78E /* CountriesUITestsLaunchTests.swift */,
			);
			path = CountriesUITests;
			sourceTree = "<group>";
		};
/* End PBXGroup section */

/* Begin PBXNativeTarget section */
		ABB40A3428E361BA0089D78E /* Countries */ = {
			isa = PBXNativeTarget;
			buildConfigurationList = ABB40A5F28E361BC0089D78E /* Build configuration list for PBXNativeTarget "Countries" */;
			buildPhases = (
				ABB40A3128E361BA0089D78E /* Sources */,
				ABB40A3228E361BA0089D78E /* Frameworks */,
				ABB40A3328E361BA0089D78E /* Resources */,
			);
			buildRules = (
			);
			dependencies = (
			);
			name = Countries;
			productName = Countries;
			productReference = ABB40A3528E361BA0089D78E /* Countries.app */;
			productType = "com.apple.product-type.application";
		};
		ABB40A4A28E361BC0089D78E /* CountriesTests */ = {
			isa = PBXNativeTarget;
			buildConfigurationList = ABB40A6228E361BC0089D78E /* Build configuration list for PBXNativeTarget "CountriesTests" */;
			buildPhases = (
				ABB40A4728E361BC0089D78E /* Sources */,
				ABB40A4828E361BC0089D78E /* Frameworks */,
				ABB40A4928E361BC0089D78E /* Resources */,
			);
			buildRules = (
			);
			dependencies = (
				ABB40A4D28E361BC0089D78E /* PBXTargetDependency */,
			);
			name = CountriesTests;
			productName = CountriesTests;
			productReference = ABB40A4B28E361BC0089D78E /* CountriesTests.xctest */;
			productType = "com.apple.product-type.bundle.unit-test";
		};
		ABB40A5428E361BC0089D78E /* CountriesUITests */ = {
			isa = PBXNativeTarget;
			buildConfigurationList = ABB40A6528E361BC0089D78E /* Build configuration list for PBXNativeTarget "CountriesUITests" */;
			buildPhases = (
				ABB40A5128E361BC0089D78E /* Sources */,
				ABB40A5228E361BC0089D78E /* Frameworks */,
				ABB40A5328E361BC0089D78E /* Resources */,
			);
			buildRules = (
			);
			dependencies = (
				ABB40A5728E361BC0089D78E /* PBXTargetDependency */,
			);
			name = CountriesUITests;
			productName = CountriesUITests;
			productReference = ABB40A5528E361BC0089D78E /* CountriesUITests.xctest */;
			productType = "com.apple.product-type.bundle.ui-testing";
		};
/* End PBXNativeTarget section */

/* Begin PBXProject section */
		ABB40A2D28E361BA0089D78E /* Project object */ = {
			isa = PBXProject;
			attributes = {
				BuildIndependentTargetsInParallel = 1;
				LastSwiftUpdateCheck = 1400;
				LastUpgradeCheck = 1400;
				TargetAttributes = {
					ABB40A3428E361BA0089D78E = {
						CreatedOnToolsVersion = 14.0;
					};
					ABB40A4A28E361BC0089D78E = {
						CreatedOnToolsVersion = 14.0;
						TestTargetID = ABB40A3428E361BA0089D78E;
					};
					ABB40A5428E361BC0089D78E = {
						CreatedOnToolsVersion = 14.0;
						TestTargetID = ABB40A3428E361BA0089D78E;
					};
				};
			};
			buildConfigurationList = ABB40A3028E361BA0089D78E /* Build configuration list for PBXProject "Countries" */;
			compatibilityVersion = "Xcode 14.0";
			developmentRegion = en;
			hasScannedForEncodings = 0;
			knownRegions = (
				en,
				Base,
			);
			mainGroup = ABB40A2C28E361BA0089D78E;
			productRefGroup = ABB40A3628E361BA0089D78E /* Products */;
			projectDirPath = "";
			projectRoot = "";
			targets = (
				ABB40A3428E361BA0089D78E /* Countries */,
				ABB40A4A28E361BC0089D78E /* CountriesTests */,
				ABB40A5428E361BC0089D78E /* CountriesUITests */,
			);
		};
/* End PBXProject section */

/* Begin PBXResourcesBuildPhase section */
		ABB40A3328E361BA0089D78E /* Resources */ = {
			isa = PBXResourcesBuildPhase;
			buildActionMask = 2147483647;
			files = (
				ABB40A4528E361BB0089D78E /* LaunchScreen.storyboard in Resources */,
				ABB40A4228E361BB0089D78E /* Assets.xcassets in Resources */,
				ABB40A4028E361BA0089D78E /* Main.storyboard in Resources */,
			);
			runOnlyForDeploymentPostprocessing = 0;
		};
		ABB40A4928E361BC0089D78E /* Resources */ = {
			isa = PBXResourcesBuildPhase;
			buildActionMask = 2147483647;
			files = (
			);
			runOnlyForDeploymentPostprocessing = 0;
		};
		ABB40A5328E361BC0089D78E /* Resources */ = {
			isa = PBXResourcesBuildPhase;
			buildActionMask = 2147483647;
			files = (
			);
			runOnlyForDeploymentPostprocessing = 0;
		};
/* End PBXResourcesBuildPhase section */

/* Begin PBXSourcesBuildPhase section */
		ABB40A3128E361BA0089D78E /* Sources */ = {
			isa = PBXSourcesBuildPhase;
			buildActionMask = 2147483647;
			files = (
				ABB40A3D28E361BA0089D78E /* ViewController.swift in Sources */,
				ABB40A3928E361BA0089D78E /* AppDelegate.swift in Sources */,
				ABB40A3B28E361BA0089D78E /* SceneDelegate.swift in Sources */,
			);
			runOnlyForDeploymentPostprocessing = 0;
		};
		ABB40A4728E361BC0089D78E /* Sources */ = {
			isa = PBXSourcesBuildPhase;
			buildActionMask = 2147483647;
			files = (
				ABB40A5028E361BC0089D78E /* CountriesTests.swift in Sources */,
			);
			runOnlyForDeploymentPostprocessing = 0;
		};
		ABB40A5128E361BC0089D78E /* Sources */ = {
			isa = PBXSourcesBuildPhase;
			buildActionMask = 2147483647;
			files = (
				ABB40A5A28E361BC0089D78E /* CountriesUITests.swift in Sources */,
				ABB40A5C28E361BC0089D78E /* CountriesUITestsLaunchTests.swift in Sources */,
			);
			runOnlyForDeploymentPostprocessing = 0;
		};
/* End PBXSourcesBuildPhase section */

/* Begin PBXTargetDependency section */
		ABB40A4D28E361BC0089D78E /* PBXTargetDependency */ = {
			isa = PBXTargetDependency;
			target = ABB40A3428E361BA0089D78E /* Countries */;
			targetProxy = ABB40A4C28E361BC0089D78E /* PBXContainerItemProxy */;
		};
		ABB40A5728E361BC0089D78E /* PBXTargetDependency */ = {
			isa = PBXTargetDependency;
			target = ABB40A3428E361BA0089D78E /* Countries */;
			targetProxy = ABB40A5628E361BC0089D78E /* PBXContainerItemProxy */;
		};
/* End PBXTargetDependency section */

/* Begin PBXVariantGroup section */
		ABB40A3E28E361BA0089D78E /* Main.storyboard */ = {
			isa = PBXVariantGroup;
			children = (
				ABB40A3F28E361BA0089D78E /* Base */,
			);
			name = Main.storyboard;
			sourceTree = "<group>";
		};
		ABB40A4328E361BB0089D78E /* LaunchScreen.storyboard */ = {
			isa = PBXVariantGroup;
			children = (
				ABB40A4428E361BB0089D78E /* Base */,
			);
			name = LaunchScreen.storyboard;
			sourceTree = "<group>";
		};
/* End PBXVariantGroup section */

/* Begin XCBuildConfiguration section */
		ABB40A5D28E361BC0089D78E /* Debug */ = {
			isa = XCBuildConfiguration;
			buildSettings = {
				ALWAYS_SEARCH_USER_PATHS = NO;
				CLANG_ANALYZER_NONNULL = YES;
				CLANG_ANALYZER_NUMBER_OBJECT_CONVERSION = YES_AGGRESSIVE;
				CLANG_CXX_LANGUAGE_STANDARD = "gnu++20";
				CLANG_ENABLE_MODULES = YES;
				CLANG_ENABLE_OBJC_ARC = YES;
				CLANG_ENABLE_OBJC_WEAK = YES;
				CLANG_WARN_BLOCK_CAPTURE_AUTORELEASING = YES;
				CLANG_WARN_BOOL_CONVERSION = YES;
				CLANG_WARN_COMMA = YES;
				CLANG_WARN_CONSTANT_CONVERSION = YES;
				CLANG_WARN_DEPRECATED_OBJC_IMPLEMENTATIONS = YES;
				CLANG_WARN_DIRECT_OBJC_ISA_USAGE = YES_ERROR;
				CLANG_WARN_DOCUMENTATION_COMMENTS = YES;
				CLANG_WARN_EMPTY_BODY = YES;
				CLANG_WARN_ENUM_CONVERSION = YES;
				CLANG_WARN_INFINITE_RECURSION = YES;
				CLANG_WARN_INT_CONVERSION = YES;
				CLANG_WARN_NON_LITERAL_NULL_CONVERSION = YES;
				CLANG_WARN_OBJC_IMPLICIT_RETAIN_SELF = YES;
				CLANG_WARN_OBJC_LITERAL_CONVERSION = YES;
				CLANG_WARN_OBJC_ROOT_CLASS = YES_ERROR;
				CLANG_WARN_QUOTED_INCLUDE_IN_FRAMEWORK_HEADER = YES;
				CLANG_WARN_RANGE_LOOP_ANALYSIS = YES;
				CLANG_WARN_STRICT_PROTOTYPES = YES;
				CLANG_WARN_SUSPICIOUS_MOVE = YES;
				CLANG_WARN_UNGUARDED_AVAILABILITY = YES_AGGRESSIVE;
				CLANG_WARN_UNREACHABLE_CODE = YES;
				CLANG_WARN__DUPLICATE_METHOD_MATCH = YES;
				COPY_PHASE_STRIP = NO;
				DEBUG_INFORMATION_FORMAT = dwarf;
				ENABLE_STRICT_OBJC_MSGSEND = YES;
				ENABLE_TESTABILITY = YES;
				GCC_C_LANGUAGE_STANDARD = gnu11;
				GCC_DYNAMIC_NO_PIC = NO;
				GCC_NO_COMMON_BLOCKS = YES;
				GCC_OPTIMIZATION_LEVEL = 0;
				GCC_PREPROCESSOR_DEFINITIONS = (
					"DEBUG=1",
					"$(inherited)",
				);
				GCC_WARN_64_TO_32_BIT_CONVERSION = YES;
				GCC_WARN_ABOUT_RETURN_TYPE = YES_ERROR;
				GCC_WARN_UNDECLARED_SELECTOR = YES;
				GCC_WARN_UNINITIALIZED_AUTOS = YES_AGGRESSIVE;
				GCC_WARN_UNUSED_FUNCTION = YES;
				GCC_WARN_UNUSED_VARIABLE = YES;
				IPHONEOS_DEPLOYMENT_TARGET = 16.0;
				MTL_ENABLE_DEBUG_INFO = INCLUDE_SOURCE;
				MTL_FAST_MATH = YES;
				ONLY_ACTIVE_ARCH = YES;
				SDKROOT = iphoneos;
				SWIFT_ACTIVE_COMPILATION_CONDITIONS = DEBUG;
				SWIFT_OPTIMIZATION_LEVEL = "-Onone";
			};
			name = Debug;
		};
		ABB40A5E28E361BC0089D78E /* Release */ = {
			isa = XCBuildConfiguration;
			buildSettings = {
				ALWAYS_SEARCH_USER_PATHS = NO;
				CLANG_ANALYZER_NONNULL = YES;
				CLANG_ANALYZER_NUMBER_OBJECT_CONVERSION = YES_AGGRESSIVE;
				CLANG_CXX_LANGUAGE_STANDARD = "gnu++20";
				CLANG_ENABLE_MODULES = YES;
				CLANG_ENABLE_OBJC_ARC = YES;
				CLANG_ENABLE_OBJC_WEAK = YES;
				CLANG_WARN_BLOCK_CAPTURE_AUTORELEASING = YES;
				CLANG_WARN_BOOL_CONVERSION = YES;
				CLANG_WARN_COMMA = YES;
				CLANG_WARN_CONSTANT_CONVERSION = YES;
				CLANG_WARN_DEPRECATED_OBJC_IMPLEMENTATIONS = YES;
				CLANG_WARN_DIRECT_OBJC_ISA_USAGE = YES_ERROR;
				CLANG_WARN_DOCUMENTATION_COMMENTS = YES;
				CLANG_WARN_EMPTY_BODY = YES;
				CLANG_WARN_ENUM_CONVERSION = YES;
				CLANG_WARN_INFINITE_RECURSION = YES;
				CLANG_WARN_INT_CONVERSION = YES;
				CLANG_WARN_NON_LITERAL_NULL_CONVERSION = YES;
				CLANG_WARN_OBJC_IMPLICIT_RETAIN_SELF = YES;
				CLANG_WARN_OBJC_LITERAL_CONVERSION = YES;
				CLANG_WARN_OBJC_ROOT_CLASS = YES_ERROR;
				CLANG_WARN_QUOTED_INCLUDE_IN_FRAMEWORK_HEADER = YES;
				CLANG_WARN_RANGE_LOOP_ANALYSIS = YES;
				CLANG_WARN_STRICT_PROTOTYPES = YES;
				CLANG_WARN_SUSPICIOUS_MOVE = YES;
				CLANG_WARN_UNGUARDED_AVAILABILITY = YES_AGGRESSIVE;
				CLANG_WARN_UNREACHABLE_CODE = YES;
				CLANG_WARN__DUPLICATE_METHOD_MATCH = YES;
				COPY_PHASE_STRIP = NO;
				DEBUG_INFORMATION_FORMAT = "dwarf-with-dsym";
				ENABLE_NS_ASSERTIONS = NO;
				ENABLE_STRICT_OBJC_MSGSEND = YES;
				GCC_C_LANGUAGE_STANDARD = gnu11;
				GCC_NO_COMMON_BLOCKS = YES;
				GCC_WARN_64_TO_32_BIT_CONVERSION = YES;
				GCC_WARN_ABOUT_RETURN_TYPE = YES_ERROR;
				GCC_WARN_UNDECLARED_SELECTOR = YES;
				GCC_WARN_UNINITIALIZED_AUTOS = YES_AGGRESSIVE;
				GCC_WARN_UNUSED_FUNCTION = YES;
				GCC_WARN_UNUSED_VARIABLE = YES;
				IPHONEOS_DEPLOYMENT_TARGET = 16.0;
				MTL_ENABLE_DEBUG_INFO = NO;
				MTL_FAST_MATH = YES;
				SDKROOT = iphoneos;
				SWIFT_COMPILATION_MODE = wholemodule;
				SWIFT_OPTIMIZATION_LEVEL = "-O";
				VALIDATE_PRODUCT = YES;
			};
			name = Release;
		};
		ABB40A6028E361BC0089D78E /* Debug */ = {
			isa = XCBuildConfiguration;
			buildSettings = {
				ASSETCATALOG_COMPILER_APPICON_NAME = AppIcon;
				ASSETCATALOG_COMPILER_GLOBAL_ACCENT_COLOR_NAME = AccentColor;
				CODE_SIGN_STYLE = Automatic;
				CURRENT_PROJECT_VERSION = 1;
				GENERATE_INFOPLIST_FILE = YES;
				INFOPLIST_FILE = Countries/Info.plist;
				INFOPLIST_KEY_UIApplicationSupportsIndirectInputEvents = YES;
				INFOPLIST_KEY_UILaunchStoryboardName = LaunchScreen;
				INFOPLIST_KEY_UIMainStoryboardFile = Main;
				INFOPLIST_KEY_UISupportedInterfaceOrientations_iPad = "UIInterfaceOrientationPortrait UIInterfaceOrientationPortraitUpsideDown UIInterfaceOrientationLandscapeLeft UIInterfaceOrientationLandscapeRight";
				INFOPLIST_KEY_UISupportedInterfaceOrientations_iPhone = "UIInterfaceOrientationPortrait UIInterfaceOrientationLandscapeLeft UIInterfaceOrientationLandscapeRight";
				LD_RUNPATH_SEARCH_PATHS = (
					"$(inherited)",
					"@executable_path/Frameworks",
				);
				MARKETING_VERSION = 1.0;
				PRODUCT_BUNDLE_IDENTIFIER = ardabagce.Countries;
				PRODUCT_NAME = "$(TARGET_NAME)";
				SWIFT_EMIT_LOC_STRINGS = YES;
				SWIFT_VERSION = 5.0;
				TARGETED_DEVICE_FAMILY = "1,2";
			};
			name = Debug;
		};
		ABB40A6128E361BC0089D78E /* Release */ = {
			isa = XCBuildConfiguration;
			buildSettings = {
				ASSETCATALOG_COMPILER_APPICON_NAME = AppIcon;
				ASSETCATALOG_COMPILER_GLOBAL_ACCENT_COLOR_NAME = AccentColor;
				CODE_SIGN_STYLE = Automatic;
				CURRENT_PROJECT_VERSION = 1;
				GENERATE_INFOPLIST_FILE = YES;
				INFOPLIST_FILE = Countries/Info.plist;
				INFOPLIST_KEY_UIApplicationSupportsIndirectInputEvents = YES;
				INFOPLIST_KEY_UILaunchStoryboardName = LaunchScreen;
				INFOPLIST_KEY_UIMainStoryboardFile = Main;
				INFOPLIST_KEY_UISupportedInterfaceOrientations_iPad = "UIInterfaceOrientationPortrait UIInterfaceOrientationPortraitUpsideDown UIInterfaceOrientationLandscapeLeft UIInterfaceOrientationLandscapeRight";
				INFOPLIST_KEY_UISupportedInterfaceOrientations_iPhone = "UIInterfaceOrientationPortrait UIInterfaceOrientationLandscapeLeft UIInterfaceOrientationLandscapeRight";
				LD_RUNPATH_SEARCH_PATHS = (
					"$(inherited)",
					"@executable_path/Frameworks",
				);
				MARKETING_VERSION = 1.0;
				PRODUCT_BUNDLE_IDENTIFIER = ardabagce.Countries;
				PRODUCT_NAME = "$(TARGET_NAME)";
				SWIFT_EMIT_LOC_STRINGS = YES;
				SWIFT_VERSION = 5.0;
				TARGETED_DEVICE_FAMILY = "1,2";
			};
			name = Release;
		};
		ABB40A6328E361BC0089D78E /* Debug */ = {
			isa = XCBuildConfiguration;
			buildSettings = {
				ALWAYS_EMBED_SWIFT_STANDARD_LIBRARIES = YES;
				BUNDLE_LOADER = "$(TEST_HOST)";
				CODE_SIGN_STYLE = Automatic;
				CURRENT_PROJECT_VERSION = 1;
				GENERATE_INFOPLIST_FILE = YES;
				IPHONEOS_DEPLOYMENT_TARGET = 16.0;
				MARKETING_VERSION = 1.0;
				PRODUCT_BUNDLE_IDENTIFIER = ardabagce.CountriesTests;
				PRODUCT_NAME = "$(TARGET_NAME)";
				SWIFT_EMIT_LOC_STRINGS = NO;
				SWIFT_VERSION = 5.0;
				TARGETED_DEVICE_FAMILY = "1,2";
				TEST_HOST = "$(BUILT_PRODUCTS_DIR)/Countries.app/$(BUNDLE_EXECUTABLE_FOLDER_PATH)/Countries";
			};
			name = Debug;
		};
		ABB40A6428E361BC0089D78E /* Release */ = {
			isa = XCBuildConfiguration;
			buildSettings = {
				ALWAYS_EMBED_SWIFT_STANDARD_LIBRARIES = YES;
				BUNDLE_LOADER = "$(TEST_HOST)";
				CODE_SIGN_STYLE = Automatic;
				CURRENT_PROJECT_VERSION = 1;
				GENERATE_INFOPLIST_FILE = YES;
				IPHONEOS_DEPLOYMENT_TARGET = 16.0;
				MARKETING_VERSION = 1.0;
				PRODUCT_BUNDLE_IDENTIFIER = ardabagce.CountriesTests;
				PRODUCT_NAME = "$(TARGET_NAME)";
				SWIFT_EMIT_LOC_STRINGS = NO;
				SWIFT_VERSION = 5.0;
				TARGETED_DEVICE_FAMILY = "1,2";
				TEST_HOST = "$(BUILT_PRODUCTS_DIR)/Countries.app/$(BUNDLE_EXECUTABLE_FOLDER_PATH)/Countries";
			};
			name = Release;
		};
		ABB40A6628E361BC0089D78E /* Debug */ = {
			isa = XCBuildConfiguration;
			buildSettings = {
				ALWAYS_EMBED_SWIFT_STANDARD_LIBRARIES = YES;
				CODE_SIGN_STYLE = Automatic;
				CURRENT_PROJECT_VERSION = 1;
				GENERATE_INFOPLIST_FILE = YES;
				MARKETING_VERSION = 1.0;
				PRODUCT_BUNDLE_IDENTIFIER = ardabagce.CountriesUITests;
				PRODUCT_NAME = "$(TARGET_NAME)";
				SWIFT_EMIT_LOC_STRINGS = NO;
				SWIFT_VERSION = 5.0;
				TARGETED_DEVICE_FAMILY = "1,2";
				TEST_TARGET_NAME = Countries;
			};
			name = Debug;
		};
		ABB40A6728E361BC0089D78E /* Release */ = {
			isa = XCBuildConfiguration;
			buildSettings = {
				ALWAYS_EMBED_SWIFT_STANDARD_LIBRARIES = YES;
				CODE_SIGN_STYLE = Automatic;
				CURRENT_PROJECT_VERSION = 1;
				GENERATE_INFOPLIST_FILE = YES;
				MARKETING_VERSION = 1.0;
				PRODUCT_BUNDLE_IDENTIFIER = ardabagce.CountriesUITests;
				PRODUCT_NAME = "$(TARGET_NAME)";
				SWIFT_EMIT_LOC_STRINGS = NO;
				SWIFT_VERSION = 5.0;
				TARGETED_DEVICE_FAMILY = "1,2";
				TEST_TARGET_NAME = Countries;
			};
			name = Release;
		};
/* End XCBuildConfiguration section */

/* Begin XCConfigurationList section */
		ABB40A3028E361BA0089D78E /* Build configuration list for PBXProject "Countries" */ = {
			isa = XCConfigurationList;
			buildConfigurations = (
				ABB40A5D28E361BC0089D78E /* Debug */,
				ABB40A5E28E361BC0089D78E /* Release */,
			);
			defaultConfigurationIsVisible = 0;
			defaultConfigurationName = Release;
		};
		ABB40A5F28E361BC0089D78E /* Build configuration list for PBXNativeTarget "Countries" */ = {
			isa = XCConfigurationList;
			buildConfigurations = (
				ABB40A6028E361BC0089D78E /* Debug */,
				ABB40A6128E361BC0089D78E /* Release */,
			);
			defaultConfigurationIsVisible = 0;
			defaultConfigurationName = Release;
		};
		ABB40A6228E361BC0089D78E /* Build configuration list for PBXNativeTarget "CountriesTests" */ = {
			isa = XCConfigurationList;
			buildConfigurations = (
				ABB40A6328E361BC0089D78E /* Debug */,
				ABB40A6428E361BC0089D78E /* Release */,
			);
			defaultConfigurationIsVisible = 0;
			defaultConfigurationName = Release;
		};
		ABB40A6528E361BC0089D78E /* Build configuration list for PBXNativeTarget "CountriesUITests" */ = {
			isa = XCConfigurationList;
			buildConfigurations = (
				ABB40A6628E361BC0089D78E /* Debug */,
				ABB40A6728E361BC0089D78E /* Release */,
			);
			defaultConfigurationIsVisible = 0;
			defaultConfigurationName = Release;
		};
/* End XCConfigurationList section */
	};
	rootObject = ABB40A2D28E361BA0089D78E /* Project object */;
}
